{
  "version": 4,
  "terraform_version": "1.5.7",
  "serial": 271,
  "lineage": "892cca08-cd89-9b8d-ea41-33487e3ee2b5",
  "outputs": {
    "ALB-DNS-NAME": {
      "value": "jenkins-lb-1489853081.us-east-1.elb.amazonaws.com",
      "type": "string"
    },
    "amiId-us-east-1": {
      "value": "ami-0591e1c6a24d08458",
      "type": "string",
      "sensitive": true
    },
    "amiId-us-west-2": {
      "value": "ami-0171eabba350390d0",
      "type": "string",
      "sensitive": true
    },
    "url": {
      "value": "jenkins.eztosolve.com",
      "type": "string"
    }
  },
  "resources": [
    {
      "mode": "data",
      "type": "aws_availability_zones",
      "name": "azs",
      "provider": "provider[\"registry.terraform.io/hashicorp/aws\"].region-master",
      "instances": [
        {
          "schema_version": 0,
          "attributes": {
            "all_availability_zones": null,
            "exclude_names": null,
            "exclude_zone_ids": null,
            "filter": null,
            "group_names": [
              "us-east-1"
            ],
            "id": "us-east-1",
            "names": [
              "us-east-1a",
              "us-east-1b",
              "us-east-1c",
              "us-east-1d",
              "us-east-1e",
              "us-east-1f"
            ],
            "state": "available",
            "timeouts": null,
            "zone_ids": [
              "use1-az2",
              "use1-az4",
              "use1-az6",
              "use1-az1",
              "use1-az3",
              "use1-az5"
            ]
          },
          "sensitive_attributes": []
        }
      ]
    },
    {
      "mode": "data",
      "type": "aws_route53_zone",
      "name": "dns",
      "provider": "provider[\"registry.terraform.io/hashicorp/aws\"].region-master",
      "instances": [
        {
          "schema_version": 0,
          "attributes": {
            "arn": "arn:aws:route53:::hostedzone/Z10299481KQ6EHOUPTSF6",
            "caller_reference": "RISWorkflow-RD:b1f582e5-6e44-4ef0-beb2-8091a5d8301e",
            "comment": "HostedZone created by Route53 Registrar",
            "id": "Z10299481KQ6EHOUPTSF6",
            "linked_service_description": null,
            "linked_service_principal": null,
            "name": "eztosolve.com",
            "name_servers": [
              "ns-1941.awsdns-50.co.uk",
              "ns-104.awsdns-13.com",
              "ns-694.awsdns-22.net",
              "ns-1188.awsdns-20.org"
            ],
            "primary_name_server": "ns-1941.awsdns-50.co.uk",
            "private_zone": false,
            "resource_record_set_count": 3,
            "tags": {},
            "vpc_id": null,
            "zone_id": "Z10299481KQ6EHOUPTSF6"
          },
          "sensitive_attributes": []
        }
      ]
    },
    {
      "mode": "data",
      "type": "aws_ssm_parameter",
      "name": "linuxAmi",
      "provider": "provider[\"registry.terraform.io/hashicorp/aws\"].region-master",
      "instances": [
        {
          "schema_version": 0,
          "attributes": {
            "arn": "arn:aws:ssm:us-east-1::parameter/aws/service/ami-amazon-linux-latest/amzn2-ami-hvm-x86_64-gp2",
            "id": "/aws/service/ami-amazon-linux-latest/amzn2-ami-hvm-x86_64-gp2",
            "insecure_value": "ami-0591e1c6a24d08458",
            "name": "/aws/service/ami-amazon-linux-latest/amzn2-ami-hvm-x86_64-gp2",
            "type": "String",
            "value": "ami-0591e1c6a24d08458",
            "version": 104,
            "with_decryption": true
          },
          "sensitive_attributes": []
        }
      ]
    },
    {
      "mode": "data",
      "type": "aws_ssm_parameter",
      "name": "linuxAmiOregon",
      "provider": "provider[\"registry.terraform.io/hashicorp/aws\"].region-worker",
      "instances": [
        {
          "schema_version": 0,
          "attributes": {
            "arn": "arn:aws:ssm:us-east-2::parameter/aws/service/ami-amazon-linux-latest/amzn2-ami-hvm-x86_64-gp2",
            "id": "/aws/service/ami-amazon-linux-latest/amzn2-ami-hvm-x86_64-gp2",
            "insecure_value": "ami-0171eabba350390d0",
            "name": "/aws/service/ami-amazon-linux-latest/amzn2-ami-hvm-x86_64-gp2",
            "type": "String",
            "value": "ami-0171eabba350390d0",
            "version": 103,
            "with_decryption": true
          },
          "sensitive_attributes": []
        }
      ]
    },
    {
      "mode": "managed",
      "type": "aws_acm_certificate",
      "name": "jenkins-lb-https",
      "provider": "provider[\"registry.terraform.io/hashicorp/aws\"].region-master",
      "instances": [
        {
          "schema_version": 0,
          "attributes": {
            "arn": "arn:aws:acm:us-east-1:538331572700:certificate/ac00391a-3277-4c10-a315-58cee561d2e9",
            "certificate_authority_arn": "",
            "certificate_body": null,
            "certificate_chain": null,
            "domain_name": "jenkins.eztosolve.com",
            "domain_validation_options": [
              {
                "domain_name": "jenkins.eztosolve.com",
                "resource_record_name": "_bf600fcc1ee45eee1ffd6874302bb3e4.jenkins.eztosolve.com.",
                "resource_record_type": "CNAME",
                "resource_record_value": "_8662ccbae2f7e6de85b5b8f2cf4f05f9.mhbtsbpdnt.acm-validations.aws."
              }
            ],
            "early_renewal_duration": "",
            "id": "arn:aws:acm:us-east-1:538331572700:certificate/ac00391a-3277-4c10-a315-58cee561d2e9",
            "key_algorithm": "RSA_2048",
            "not_after": "",
            "not_before": "",
            "options": [
              {
                "certificate_transparency_logging_preference": "ENABLED"
              }
            ],
            "pending_renewal": false,
            "private_key": null,
            "renewal_eligibility": "INELIGIBLE",
            "renewal_summary": [],
            "status": "PENDING_VALIDATION",
            "subject_alternative_names": [
              "jenkins.eztosolve.com"
            ],
            "tags": {
              "Name": "Jenkins-ACM"
            },
            "tags_all": {
              "Name": "Jenkins-ACM"
            },
            "type": "AMAZON_ISSUED",
            "validation_emails": [],
            "validation_method": "DNS",
            "validation_option": []
          },
          "sensitive_attributes": [],
          "private": "bnVsbA==",
          "dependencies": [
            "data.aws_route53_zone.dns"
          ]
        }
      ]
    },
    {
      "mode": "managed",
      "type": "aws_acm_certificate_validation",
      "name": "cert",
      "provider": "provider[\"registry.terraform.io/hashicorp/aws\"].region-master",
      "instances": [
        {
          "index_key": "jenkins.eztosolve.com",
          "schema_version": 0,
          "attributes": {
            "certificate_arn": "arn:aws:acm:us-east-1:538331572700:certificate/ac00391a-3277-4c10-a315-58cee561d2e9",
            "id": "2024-01-04 02:15:07.628 +0000 UTC",
            "timeouts": null,
            "validation_record_fqdns": [
              "_bf600fcc1ee45eee1ffd6874302bb3e4.jenkins.eztosolve.com"
            ]
          },
          "sensitive_attributes": [],
          "private": "eyJlMmJmYjczMC1lY2FhLTExZTYtOGY4OC0zNDM2M2JjN2M0YzAiOnsiY3JlYXRlIjo0NTAwMDAwMDAwMDAwfX0=",
          "dependencies": [
            "aws_acm_certificate.jenkins-lb-https",
            "aws_route53_record.cert_validation",
            "data.aws_route53_zone.dns"
          ]
        }
      ]
    },
    {
      "mode": "managed",
      "type": "aws_instance",
      "name": "jenkins-master",
      "provider": "provider[\"registry.terraform.io/hashicorp/aws\"].region-master",
      "instances": []
    },
    {
      "mode": "managed",
      "type": "aws_instance",
      "name": "jenkins-worker-oregon",
      "provider": "provider[\"registry.terraform.io/hashicorp/aws\"].region-worker",
      "instances": []
    },
    {
      "mode": "managed",
      "type": "aws_internet_gateway",
      "name": "igw",
      "provider": "provider[\"registry.terraform.io/hashicorp/aws\"].region-master",
      "instances": [
        {
          "schema_version": 0,
          "attributes": {
            "arn": "arn:aws:ec2:us-east-1:538331572700:internet-gateway/igw-020ae018254ab5993",
            "id": "igw-020ae018254ab5993",
            "owner_id": "538331572700",
            "tags": null,
            "tags_all": {},
            "timeouts": null,
            "vpc_id": "vpc-065a831348bb98c54"
          },
          "sensitive_attributes": [],
          "private": "eyJlMmJmYjczMC1lY2FhLTExZTYtOGY4OC0zNDM2M2JjN2M0YzAiOnsiY3JlYXRlIjoxMjAwMDAwMDAwMDAwLCJkZWxldGUiOjEyMDAwMDAwMDAwMDAsInVwZGF0ZSI6MTIwMDAwMDAwMDAwMH19",
          "dependencies": [
            "aws_vpc.vpc_master"
          ]
        }
      ]
    },
    {
      "mode": "managed",
      "type": "aws_internet_gateway",
      "name": "igw-oregon",
      "provider": "provider[\"registry.terraform.io/hashicorp/aws\"].region-worker",
      "instances": [
        {
          "schema_version": 0,
          "attributes": {
            "arn": "arn:aws:ec2:us-east-2:538331572700:internet-gateway/igw-03752be24376e96ea",
            "id": "igw-03752be24376e96ea",
            "owner_id": "538331572700",
            "tags": null,
            "tags_all": {},
            "timeouts": null,
            "vpc_id": "vpc-0bed8dc525d176515"
          },
          "sensitive_attributes": [],
          "private": "eyJlMmJmYjczMC1lY2FhLTExZTYtOGY4OC0zNDM2M2JjN2M0YzAiOnsiY3JlYXRlIjoxMjAwMDAwMDAwMDAwLCJkZWxldGUiOjEyMDAwMDAwMDAwMDAsInVwZGF0ZSI6MTIwMDAwMDAwMDAwMH19",
          "dependencies": [
            "aws_vpc.vpc_master_oregon"
          ]
        }
      ]
    },
    {
      "mode": "managed",
      "type": "aws_key_pair",
      "name": "master-key",
      "provider": "provider[\"registry.terraform.io/hashicorp/aws\"].region-master",
      "instances": [
        {
          "schema_version": 1,
          "attributes": {
            "arn": "arn:aws:ec2:us-east-1:538331572700:key-pair/jenkins",
            "fingerprint": "ec:78:28:ee:34:c1:e9:dc:f5:b2:f4:37:45:c1:7b:4b",
            "id": "jenkins",
            "key_name": "jenkins",
            "key_name_prefix": "",
            "key_pair_id": "key-0852f47d0f6bc021e",
            "key_type": "rsa",
            "public_key": "ssh-rsa AAAAB3NzaC1yc2EAAAADAQABAAABgQCvfaIsRvvJfUzvPgj0wyH6XeuFvf8b2UaRN3q6QnyL0upsVWiLAEqYtSzGiJTkvS0/2cMbWruXPVv2vGYIBdZFB08kwLG9BZrCwwscZsM7WC9/KQACRnorenddeozZHQ1IS/MS1K/0qFtvBe4shR7ST/eL8QFhNdz/gWiu428en2wzLlwWSilMOojRgxrE3j3vNeqMshTZE47msVvReHBkAvI0JjZLYu5EjZNEdk7tKu2x0cgXzbDyVQUQVlMy2ovefGFbOJeSc1hSTZNYdkguKT+jgjuTFFBDrukwS7i2JDkUjiUlI8GFkRdgkl9q7C74VZVwDQ/JKANMWAjlzG6sMiEZWq6gENcvSoxfgmd7CCWcQUve+7nZFC6AFojhPX4h/7HibfZlaQtFUhT/4O7B647thSu0LFtOMKouWMqNfQPZw0Iudkf/g+/X/LecSEWIj3PlV9u2+p5etNutIZYjqoi8lRmyT+blDhQrzHxcbXWx97sHjryJpAUvOnCdRFE= mengsocal@meng-socals-Mac-Studio.local",
            "tags": null,
            "tags_all": {}
          },
          "sensitive_attributes": [],
          "private": "eyJzY2hlbWFfdmVyc2lvbiI6IjEifQ=="
        }
      ]
    },
    {
      "mode": "managed",
      "type": "aws_key_pair",
      "name": "worker-key",
      "provider": "provider[\"registry.terraform.io/hashicorp/aws\"].region-worker",
      "instances": [
        {
          "schema_version": 1,
          "attributes": {
            "arn": "arn:aws:ec2:us-east-2:538331572700:key-pair/jenkins",
            "fingerprint": "ec:78:28:ee:34:c1:e9:dc:f5:b2:f4:37:45:c1:7b:4b",
            "id": "jenkins",
            "key_name": "jenkins",
            "key_name_prefix": "",
            "key_pair_id": "key-0046ded0ba8de3062",
            "key_type": "rsa",
            "public_key": "ssh-rsa AAAAB3NzaC1yc2EAAAADAQABAAABgQCvfaIsRvvJfUzvPgj0wyH6XeuFvf8b2UaRN3q6QnyL0upsVWiLAEqYtSzGiJTkvS0/2cMbWruXPVv2vGYIBdZFB08kwLG9BZrCwwscZsM7WC9/KQACRnorenddeozZHQ1IS/MS1K/0qFtvBe4shR7ST/eL8QFhNdz/gWiu428en2wzLlwWSilMOojRgxrE3j3vNeqMshTZE47msVvReHBkAvI0JjZLYu5EjZNEdk7tKu2x0cgXzbDyVQUQVlMy2ovefGFbOJeSc1hSTZNYdkguKT+jgjuTFFBDrukwS7i2JDkUjiUlI8GFkRdgkl9q7C74VZVwDQ/JKANMWAjlzG6sMiEZWq6gENcvSoxfgmd7CCWcQUve+7nZFC6AFojhPX4h/7HibfZlaQtFUhT/4O7B647thSu0LFtOMKouWMqNfQPZw0Iudkf/g+/X/LecSEWIj3PlV9u2+p5etNutIZYjqoi8lRmyT+blDhQrzHxcbXWx97sHjryJpAUvOnCdRFE= mengsocal@meng-socals-Mac-Studio.local",
            "tags": null,
            "tags_all": {}
          },
          "sensitive_attributes": [],
          "private": "eyJzY2hlbWFfdmVyc2lvbiI6IjEifQ=="
        }
      ]
    },
    {
      "mode": "managed",
      "type": "aws_lb",
      "name": "application-lb",
      "provider": "provider[\"registry.terraform.io/hashicorp/aws\"].region-master",
      "instances": [
        {
          "schema_version": 0,
          "attributes": {
            "access_logs": [
              {
                "bucket": "",
                "enabled": false,
                "prefix": ""
              }
            ],
            "arn": "arn:aws:elasticloadbalancing:us-east-1:538331572700:loadbalancer/app/jenkins-lb/2a70aa481600648f",
            "arn_suffix": "app/jenkins-lb/2a70aa481600648f",
            "connection_logs": [
              {
                "bucket": "",
                "enabled": false,
                "prefix": ""
              }
            ],
            "customer_owned_ipv4_pool": "",
            "desync_mitigation_mode": "defensive",
            "dns_name": "jenkins-lb-1489853081.us-east-1.elb.amazonaws.com",
            "dns_record_client_routing_policy": null,
            "drop_invalid_header_fields": false,
            "enable_cross_zone_load_balancing": true,
            "enable_deletion_protection": false,
            "enable_http2": true,
            "enable_tls_version_and_cipher_suite_headers": false,
            "enable_waf_fail_open": false,
            "enable_xff_client_port": false,
            "enforce_security_group_inbound_rules_on_private_link_traffic": "",
            "id": "arn:aws:elasticloadbalancing:us-east-1:538331572700:loadbalancer/app/jenkins-lb/2a70aa481600648f",
            "idle_timeout": 60,
            "internal": false,
            "ip_address_type": "ipv4",
            "load_balancer_type": "application",
            "name": "jenkins-lb",
            "name_prefix": "",
            "preserve_host_header": false,
            "security_groups": [
              "sg-074f9c4195535e564"
            ],
            "subnet_mapping": [
              {
                "allocation_id": "",
                "ipv6_address": "",
                "outpost_id": "",
                "private_ipv4_address": "",
                "subnet_id": "subnet-03b0297de0c4b3065"
              },
              {
                "allocation_id": "",
                "ipv6_address": "",
                "outpost_id": "",
                "private_ipv4_address": "",
                "subnet_id": "subnet-0c9ca306dccad3e2e"
              }
            ],
            "subnets": [
              "subnet-03b0297de0c4b3065",
              "subnet-0c9ca306dccad3e2e"
            ],
            "tags": {
              "Name": "Jenkins-LB"
            },
            "tags_all": {
              "Name": "Jenkins-LB"
            },
            "timeouts": null,
            "vpc_id": "vpc-065a831348bb98c54",
            "xff_header_processing_mode": "append",
            "zone_id": "Z35SXDOTRQ7X7K"
          },
          "sensitive_attributes": [],
          "private": "eyJlMmJmYjczMC1lY2FhLTExZTYtOGY4OC0zNDM2M2JjN2M0YzAiOnsiY3JlYXRlIjo2MDAwMDAwMDAwMDAsImRlbGV0ZSI6NjAwMDAwMDAwMDAwLCJ1cGRhdGUiOjYwMDAwMDAwMDAwMH19",
          "dependencies": [
            "aws_security_group.lb-sg",
            "aws_subnet.subnet_1",
            "aws_subnet.subnet_2",
            "aws_vpc.vpc_master",
            "data.aws_availability_zones.azs"
          ]
        }
      ]
    },
    {
      "mode": "managed",
      "type": "aws_lb_listener",
      "name": "jenkins-listener",
      "provider": "provider[\"registry.terraform.io/hashicorp/aws\"].region-master",
      "instances": [
        {
          "schema_version": 0,
          "attributes": {
            "alpn_policy": null,
            "arn": "arn:aws:elasticloadbalancing:us-east-1:538331572700:listener/app/jenkins-lb/2a70aa481600648f/af96434d6bc6a490",
            "certificate_arn": "arn:aws:acm:us-east-1:538331572700:certificate/ac00391a-3277-4c10-a315-58cee561d2e9",
            "default_action": [
              {
                "authenticate_cognito": [],
                "authenticate_oidc": [],
                "fixed_response": [],
                "forward": [],
                "order": 1,
                "redirect": [],
                "target_group_arn": "arn:aws:elasticloadbalancing:us-east-1:538331572700:targetgroup/app-lb-tg/d94dfc1c1d856208",
                "type": "forward"
              }
            ],
            "id": "arn:aws:elasticloadbalancing:us-east-1:538331572700:listener/app/jenkins-lb/2a70aa481600648f/af96434d6bc6a490",
            "load_balancer_arn": "arn:aws:elasticloadbalancing:us-east-1:538331572700:loadbalancer/app/jenkins-lb/2a70aa481600648f",
            "mutual_authentication": [
              {
                "ignore_client_certificate_expiry": false,
                "mode": "off",
                "trust_store_arn": ""
              }
            ],
            "port": 443,
            "protocol": "HTTPS",
            "ssl_policy": "ELBSecurityPolicy-2016-08",
            "tags": null,
            "tags_all": {},
            "timeouts": null
          },
          "sensitive_attributes": [],
          "private": "eyJlMmJmYjczMC1lY2FhLTExZTYtOGY4OC0zNDM2M2JjN2M0YzAiOnsiY3JlYXRlIjozMDAwMDAwMDAwMDAsInVwZGF0ZSI6MzAwMDAwMDAwMDAwfX0=",
          "dependencies": [
            "aws_acm_certificate.jenkins-lb-https",
            "aws_lb.application-lb",
            "aws_lb_target_group.app-lb-tg",
            "aws_security_group.lb-sg",
            "aws_subnet.subnet_1",
            "aws_subnet.subnet_2",
            "aws_vpc.vpc_master",
            "data.aws_availability_zones.azs",
            "data.aws_route53_zone.dns"
          ]
        }
      ]
    },
    {
      "mode": "managed",
      "type": "aws_lb_listener",
      "name": "jenkins-listener-http",
      "provider": "provider[\"registry.terraform.io/hashicorp/aws\"].region-master",
      "instances": [
        {
          "schema_version": 0,
          "attributes": {
            "alpn_policy": null,
            "arn": "arn:aws:elasticloadbalancing:us-east-1:538331572700:listener/app/jenkins-lb/2a70aa481600648f/c2f0ca5383e8fd1f",
            "certificate_arn": null,
            "default_action": [
              {
                "authenticate_cognito": [],
                "authenticate_oidc": [],
                "fixed_response": [],
                "forward": [],
                "order": 1,
                "redirect": [
                  {
                    "host": "#{host}",
                    "path": "/#{path}",
                    "port": "443",
                    "protocol": "HTTPS",
                    "query": "#{query}",
                    "status_code": "HTTP_301"
                  }
                ],
                "target_group_arn": "",
                "type": "redirect"
              }
            ],
            "id": "arn:aws:elasticloadbalancing:us-east-1:538331572700:listener/app/jenkins-lb/2a70aa481600648f/c2f0ca5383e8fd1f",
            "load_balancer_arn": "arn:aws:elasticloadbalancing:us-east-1:538331572700:loadbalancer/app/jenkins-lb/2a70aa481600648f",
            "mutual_authentication": [],
            "port": 80,
            "protocol": "HTTP",
            "ssl_policy": "",
            "tags": null,
            "tags_all": {},
            "timeouts": null
          },
          "sensitive_attributes": [],
          "private": "eyJlMmJmYjczMC1lY2FhLTExZTYtOGY4OC0zNDM2M2JjN2M0YzAiOnsiY3JlYXRlIjozMDAwMDAwMDAwMDAsInVwZGF0ZSI6MzAwMDAwMDAwMDAwfX0=",
          "dependencies": [
            "aws_lb.application-lb",
            "aws_security_group.lb-sg",
            "aws_subnet.subnet_1",
            "aws_subnet.subnet_2",
            "aws_vpc.vpc_master",
            "data.aws_availability_zones.azs"
          ]
        }
      ]
    },
    {
      "mode": "managed",
      "type": "aws_lb_listener",
      "name": "jenkins-listener-https",
      "provider": "provider[\"registry.terraform.io/hashicorp/aws\"].region-master",
      "instances": [
        {
          "schema_version": 0,
          "attributes": {
            "alpn_policy": null,
            "arn": "arn:aws:elasticloadbalancing:us-east-1:538331572700:listener/app/jenkins-lb/2a70aa481600648f/af96434d6bc6a490",
            "certificate_arn": "arn:aws:acm:us-east-1:538331572700:certificate/ac00391a-3277-4c10-a315-58cee561d2e9",
            "default_action": [
              {
                "authenticate_cognito": [],
                "authenticate_oidc": [],
                "fixed_response": [],
                "forward": [],
                "order": 1,
                "redirect": [],
                "target_group_arn": "arn:aws:elasticloadbalancing:us-east-1:538331572700:targetgroup/app-lb-tg/d94dfc1c1d856208",
                "type": "forward"
              }
            ],
            "id": "arn:aws:elasticloadbalancing:us-east-1:538331572700:listener/app/jenkins-lb/2a70aa481600648f/af96434d6bc6a490",
            "load_balancer_arn": "arn:aws:elasticloadbalancing:us-east-1:538331572700:loadbalancer/app/jenkins-lb/2a70aa481600648f",
            "mutual_authentication": [
              {
                "ignore_client_certificate_expiry": false,
                "mode": "off",
                "trust_store_arn": ""
              }
            ],
            "port": 443,
            "protocol": "HTTPS",
            "ssl_policy": "ELBSecurityPolicy-2016-08",
            "tags": null,
            "tags_all": {},
            "timeouts": null
          },
          "sensitive_attributes": [],
          "private": "eyJlMmJmYjczMC1lY2FhLTExZTYtOGY4OC0zNDM2M2JjN2M0YzAiOnsiY3JlYXRlIjozMDAwMDAwMDAwMDAsInVwZGF0ZSI6MzAwMDAwMDAwMDAwfX0=",
          "dependencies": [
            "aws_acm_certificate.jenkins-lb-https",
            "aws_lb.application-lb",
            "aws_lb_target_group.app-lb-tg",
            "aws_security_group.lb-sg",
            "aws_subnet.subnet_1",
            "aws_subnet.subnet_2",
            "aws_vpc.vpc_master",
            "data.aws_availability_zones.azs",
            "data.aws_route53_zone.dns"
          ]
        }
      ]
    },
    {
      "mode": "managed",
      "type": "aws_lb_target_group",
      "name": "app-lb-tg",
      "provider": "provider[\"registry.terraform.io/hashicorp/aws\"].region-master",
      "instances": [
        {
          "schema_version": 0,
          "attributes": {
            "arn": "arn:aws:elasticloadbalancing:us-east-1:538331572700:targetgroup/app-lb-tg/d94dfc1c1d856208",
            "arn_suffix": "targetgroup/app-lb-tg/d94dfc1c1d856208",
            "connection_termination": null,
            "deregistration_delay": "300",
            "health_check": [
              {
                "enabled": true,
                "healthy_threshold": 3,
                "interval": 10,
                "matcher": "200-299",
                "path": "/",
                "port": "8080",
                "protocol": "HTTP",
                "timeout": 5,
                "unhealthy_threshold": 3
              }
            ],
            "id": "arn:aws:elasticloadbalancing:us-east-1:538331572700:targetgroup/app-lb-tg/d94dfc1c1d856208",
            "ip_address_type": "ipv4",
            "lambda_multi_value_headers_enabled": false,
            "load_balancing_algorithm_type": "round_robin",
            "load_balancing_cross_zone_enabled": "use_load_balancer_configuration",
            "name": "app-lb-tg",
            "name_prefix": "",
            "port": 8080,
            "preserve_client_ip": null,
            "protocol": "HTTP",
            "protocol_version": "HTTP1",
            "proxy_protocol_v2": false,
            "slow_start": 0,
            "stickiness": [
              {
                "cookie_duration": 86400,
                "cookie_name": "",
                "enabled": false,
                "type": "lb_cookie"
              }
            ],
            "tags": {
              "Name": "jenkins-target-group"
            },
            "tags_all": {
              "Name": "jenkins-target-group"
            },
            "target_failover": [
              {
                "on_deregistration": null,
                "on_unhealthy": null
              }
            ],
            "target_health_state": [
              {
                "enable_unhealthy_connection_termination": null
              }
            ],
            "target_type": "instance",
            "vpc_id": "vpc-065a831348bb98c54"
          },
          "sensitive_attributes": [],
          "private": "bnVsbA==",
          "dependencies": [
            "aws_vpc.vpc_master"
          ]
        }
      ]
    },
    {
      "mode": "managed",
      "type": "aws_lb_target_group_attachment",
      "name": "jenkins-master-attach",
      "provider": "provider[\"registry.terraform.io/hashicorp/aws\"].region-master",
      "instances": []
    },
    {
      "mode": "managed",
      "type": "aws_main_route_table_association",
      "name": "set-master-default-rt-assoc",
      "provider": "provider[\"registry.terraform.io/hashicorp/aws\"].region-master",
      "instances": [
        {
          "schema_version": 0,
          "attributes": {
            "id": "rtbassoc-06e14e62525f2e8b8",
            "original_route_table_id": "rtb-0ec768c1300cfcb4e",
            "route_table_id": "rtb-08348d825c53b17b1",
            "timeouts": null,
            "vpc_id": "vpc-065a831348bb98c54"
          },
          "sensitive_attributes": [],
          "private": "eyJlMmJmYjczMC1lY2FhLTExZTYtOGY4OC0zNDM2M2JjN2M0YzAiOnsiY3JlYXRlIjozMDAwMDAwMDAwMDAsImRlbGV0ZSI6MzAwMDAwMDAwMDAwLCJ1cGRhdGUiOjEyMDAwMDAwMDAwMH19",
          "dependencies": [
            "aws_internet_gateway.igw",
            "aws_route_table.internet_route",
            "aws_vpc.vpc_master",
            "aws_vpc.vpc_master_oregon",
            "aws_vpc_peering_connection.useast1-uswest2"
          ]
        }
      ]
    },
    {
      "mode": "managed",
      "type": "aws_main_route_table_association",
      "name": "set-worker-default-rt-assoc",
      "provider": "provider[\"registry.terraform.io/hashicorp/aws\"].region-worker",
      "instances": [
        {
          "schema_version": 0,
          "attributes": {
            "id": "rtbassoc-0bd68d4207f2a7cf1",
            "original_route_table_id": "rtb-0476913c222d5fb65",
            "route_table_id": "rtb-0df7a3f1c7ab91d46",
            "timeouts": null,
            "vpc_id": "vpc-0bed8dc525d176515"
          },
          "sensitive_attributes": [],
          "private": "eyJlMmJmYjczMC1lY2FhLTExZTYtOGY4OC0zNDM2M2JjN2M0YzAiOnsiY3JlYXRlIjozMDAwMDAwMDAwMDAsImRlbGV0ZSI6MzAwMDAwMDAwMDAwLCJ1cGRhdGUiOjEyMDAwMDAwMDAwMH19",
          "dependencies": [
            "aws_internet_gateway.igw-oregon",
            "aws_route_table.internet_route_oregon",
            "aws_vpc.vpc_master",
            "aws_vpc.vpc_master_oregon",
            "aws_vpc_peering_connection.useast1-uswest2"
          ]
        }
      ]
    },
    {
      "mode": "managed",
      "type": "aws_route53_record",
      "name": "cert_validation",
      "provider": "provider[\"registry.terraform.io/hashicorp/aws\"].region-master",
      "instances": [
        {
          "index_key": "jenkins.eztosolve.com",
          "schema_version": 2,
          "attributes": {
            "alias": [],
            "allow_overwrite": null,
            "cidr_routing_policy": [],
            "failover_routing_policy": [],
            "fqdn": "_bf600fcc1ee45eee1ffd6874302bb3e4.jenkins.eztosolve.com",
            "geolocation_routing_policy": [],
            "health_check_id": "",
            "id": "Z10299481KQ6EHOUPTSF6__bf600fcc1ee45eee1ffd6874302bb3e4.jenkins.eztosolve.com._CNAME",
            "latency_routing_policy": [],
            "multivalue_answer_routing_policy": false,
            "name": "_bf600fcc1ee45eee1ffd6874302bb3e4.jenkins.eztosolve.com",
            "records": [
              "_8662ccbae2f7e6de85b5b8f2cf4f05f9.mhbtsbpdnt.acm-validations.aws."
            ],
            "set_identifier": "",
            "ttl": 60,
            "type": "CNAME",
            "weighted_routing_policy": [],
            "zone_id": "Z10299481KQ6EHOUPTSF6"
          },
          "sensitive_attributes": [],
          "private": "eyJzY2hlbWFfdmVyc2lvbiI6IjIifQ==",
          "dependencies": [
            "aws_acm_certificate.jenkins-lb-https",
            "data.aws_route53_zone.dns"
          ]
        }
      ]
    },
    {
      "mode": "managed",
      "type": "aws_route53_record",
      "name": "jenkins",
      "provider": "provider[\"registry.terraform.io/hashicorp/aws\"].region-master",
      "instances": [
        {
          "schema_version": 2,
          "attributes": {
            "alias": [
              {
                "evaluate_target_health": true,
                "name": "jenkins-lb-1489853081.us-east-1.elb.amazonaws.com",
                "zone_id": "Z35SXDOTRQ7X7K"
              }
            ],
            "allow_overwrite": null,
            "cidr_routing_policy": [],
            "failover_routing_policy": [],
            "fqdn": "jenkins.eztosolve.com",
            "geolocation_routing_policy": [],
            "health_check_id": "",
            "id": "Z10299481KQ6EHOUPTSF6_jenkins.eztosolve.com_A",
            "latency_routing_policy": [],
            "multivalue_answer_routing_policy": false,
            "name": "jenkins.eztosolve.com",
            "records": null,
            "set_identifier": "",
            "ttl": 0,
            "type": "A",
            "weighted_routing_policy": [],
            "zone_id": "Z10299481KQ6EHOUPTSF6"
          },
          "sensitive_attributes": [],
          "private": "eyJzY2hlbWFfdmVyc2lvbiI6IjIifQ==",
          "dependencies": [
            "aws_lb.application-lb",
            "aws_security_group.lb-sg",
            "aws_subnet.subnet_1",
            "aws_subnet.subnet_2",
            "aws_vpc.vpc_master",
            "data.aws_availability_zones.azs",
            "data.aws_route53_zone.dns"
          ]
        }
      ]
    },
    {
      "mode": "managed",
      "type": "aws_route_table",
      "name": "internet_route",
      "provider": "provider[\"registry.terraform.io/hashicorp/aws\"].region-master",
      "instances": [
        {
          "schema_version": 0,
          "attributes": {
            "arn": "arn:aws:ec2:us-east-1:538331572700:route-table/rtb-08348d825c53b17b1",
            "id": "rtb-08348d825c53b17b1",
            "owner_id": "538331572700",
            "propagating_vgws": [],
            "route": [
              {
                "carrier_gateway_id": "",
                "cidr_block": "0.0.0.0/0",
                "core_network_arn": "",
                "destination_prefix_list_id": "",
                "egress_only_gateway_id": "",
                "gateway_id": "igw-020ae018254ab5993",
                "ipv6_cidr_block": "",
                "local_gateway_id": "",
                "nat_gateway_id": "",
                "network_interface_id": "",
                "transit_gateway_id": "",
                "vpc_endpoint_id": "",
                "vpc_peering_connection_id": ""
              },
              {
                "carrier_gateway_id": "",
                "cidr_block": "192.168.1.0/24",
                "core_network_arn": "",
                "destination_prefix_list_id": "",
                "egress_only_gateway_id": "",
                "gateway_id": "",
                "ipv6_cidr_block": "",
                "local_gateway_id": "",
                "nat_gateway_id": "",
                "network_interface_id": "",
                "transit_gateway_id": "",
                "vpc_endpoint_id": "",
                "vpc_peering_connection_id": "pcx-0fa02d76049f1fc9a"
              }
            ],
            "tags": {
              "Name": "Master-Region-RT"
            },
            "tags_all": {
              "Name": "Master-Region-RT"
            },
            "timeouts": null,
            "vpc_id": "vpc-065a831348bb98c54"
          },
          "sensitive_attributes": [],
          "private": "eyJlMmJmYjczMC1lY2FhLTExZTYtOGY4OC0zNDM2M2JjN2M0YzAiOnsiY3JlYXRlIjozMDAwMDAwMDAwMDAsImRlbGV0ZSI6MzAwMDAwMDAwMDAwLCJ1cGRhdGUiOjEyMDAwMDAwMDAwMH19",
          "dependencies": [
            "aws_internet_gateway.igw",
            "aws_vpc.vpc_master",
            "aws_vpc.vpc_master_oregon",
            "aws_vpc_peering_connection.useast1-uswest2"
          ]
        }
      ]
    },
    {
      "mode": "managed",
      "type": "aws_route_table",
      "name": "internet_route_oregon",
      "provider": "provider[\"registry.terraform.io/hashicorp/aws\"].region-worker",
      "instances": [
        {
          "schema_version": 0,
          "attributes": {
            "arn": "arn:aws:ec2:us-east-2:538331572700:route-table/rtb-0df7a3f1c7ab91d46",
            "id": "rtb-0df7a3f1c7ab91d46",
            "owner_id": "538331572700",
            "propagating_vgws": [],
            "route": [
              {
                "carrier_gateway_id": "",
                "cidr_block": "0.0.0.0/0",
                "core_network_arn": "",
                "destination_prefix_list_id": "",
                "egress_only_gateway_id": "",
                "gateway_id": "igw-03752be24376e96ea",
                "ipv6_cidr_block": "",
                "local_gateway_id": "",
                "nat_gateway_id": "",
                "network_interface_id": "",
                "transit_gateway_id": "",
                "vpc_endpoint_id": "",
                "vpc_peering_connection_id": ""
              },
              {
                "carrier_gateway_id": "",
                "cidr_block": "10.0.1.0/24",
                "core_network_arn": "",
                "destination_prefix_list_id": "",
                "egress_only_gateway_id": "",
                "gateway_id": "",
                "ipv6_cidr_block": "",
                "local_gateway_id": "",
                "nat_gateway_id": "",
                "network_interface_id": "",
                "transit_gateway_id": "",
                "vpc_endpoint_id": "",
                "vpc_peering_connection_id": "pcx-0fa02d76049f1fc9a"
              }
            ],
            "tags": {
              "Name": "Worker-Region-RT"
            },
            "tags_all": {
              "Name": "Worker-Region-RT"
            },
            "timeouts": null,
            "vpc_id": "vpc-0bed8dc525d176515"
          },
          "sensitive_attributes": [],
          "private": "eyJlMmJmYjczMC1lY2FhLTExZTYtOGY4OC0zNDM2M2JjN2M0YzAiOnsiY3JlYXRlIjozMDAwMDAwMDAwMDAsImRlbGV0ZSI6MzAwMDAwMDAwMDAwLCJ1cGRhdGUiOjEyMDAwMDAwMDAwMH19",
          "dependencies": [
            "aws_internet_gateway.igw-oregon",
            "aws_vpc.vpc_master",
            "aws_vpc.vpc_master_oregon",
            "aws_vpc_peering_connection.useast1-uswest2"
          ]
        }
      ]
    },
    {
      "mode": "managed",
      "type": "aws_security_group",
      "name": "jenkins-sg",
      "provider": "provider[\"registry.terraform.io/hashicorp/aws\"].region-master",
      "instances": []
    },
    {
      "mode": "managed",
      "type": "aws_security_group",
      "name": "jenkins-sg-oregon",
      "provider": "provider[\"registry.terraform.io/hashicorp/aws\"].region-worker",
      "instances": [
        {
          "schema_version": 1,
          "attributes": {
            "arn": "arn:aws:ec2:us-east-2:538331572700:security-group/sg-0f2a683d8c975a0cb",
            "description": "Allow 22,8080 TCP",
            "egress": [
              {
                "cidr_blocks": [
                  "0.0.0.0/0"
                ],
                "description": "",
                "from_port": 0,
                "ipv6_cidr_blocks": [],
                "prefix_list_ids": [],
                "protocol": "-1",
                "security_groups": [],
                "self": false,
                "to_port": 0
              }
            ],
            "id": "sg-0f2a683d8c975a0cb",
            "ingress": [
              {
                "cidr_blocks": [
                  "0.0.0.0/0"
                ],
                "description": "Allow 22 from our public ip",
                "from_port": 22,
                "ipv6_cidr_blocks": [],
                "prefix_list_ids": [],
                "protocol": "tcp",
                "security_groups": [],
                "self": false,
                "to_port": 22
              },
              {
                "cidr_blocks": [
                  "10.0.1.0/24"
                ],
                "description": "Allow traffic from us-east-1",
                "from_port": 0,
                "ipv6_cidr_blocks": [],
                "prefix_list_ids": [],
                "protocol": "-1",
                "security_groups": [],
                "self": false,
                "to_port": 0
              }
            ],
            "name": "jenkins-sg-oregon",
            "name_prefix": "",
            "owner_id": "538331572700",
            "revoke_rules_on_delete": false,
            "tags": null,
            "tags_all": {},
            "timeouts": null,
            "vpc_id": "vpc-0bed8dc525d176515"
          },
          "sensitive_attributes": [],
          "private": "eyJlMmJmYjczMC1lY2FhLTExZTYtOGY4OC0zNDM2M2JjN2M0YzAiOnsiY3JlYXRlIjo2MDAwMDAwMDAwMDAsImRlbGV0ZSI6OTAwMDAwMDAwMDAwfSwic2NoZW1hX3ZlcnNpb24iOiIxIn0=",
          "dependencies": [
            "aws_vpc.vpc_master_oregon"
          ]
        }
      ]
    },
    {
      "mode": "managed",
      "type": "aws_security_group",
      "name": "lb-sg",
      "provider": "provider[\"registry.terraform.io/hashicorp/aws\"].region-master",
      "instances": [
        {
          "schema_version": 1,
          "attributes": {
            "arn": "arn:aws:ec2:us-east-1:538331572700:security-group/sg-074f9c4195535e564",
            "description": "Allow 443 traffic to ELB",
            "egress": [
              {
                "cidr_blocks": [
                  "0.0.0.0/0"
                ],
                "description": "",
                "from_port": 0,
                "ipv6_cidr_blocks": [],
                "prefix_list_ids": [],
                "protocol": "-1",
                "security_groups": [],
                "self": false,
                "to_port": 0
              }
            ],
            "id": "sg-074f9c4195535e564",
            "ingress": [
              {
                "cidr_blocks": [
                  "0.0.0.0/0"
                ],
                "description": "Allow 443 anywhere",
                "from_port": 443,
                "ipv6_cidr_blocks": [],
                "prefix_list_ids": [],
                "protocol": "tcp",
                "security_groups": [],
                "self": false,
                "to_port": 443
              },
              {
                "cidr_blocks": [
                  "0.0.0.0/0"
                ],
                "description": "Allow 80 anywhere from redirection",
                "from_port": 80,
                "ipv6_cidr_blocks": [],
                "prefix_list_ids": [],
                "protocol": "tcp",
                "security_groups": [],
                "self": false,
                "to_port": 80
              }
            ],
            "name": "lb-sg",
            "name_prefix": "",
            "owner_id": "538331572700",
            "revoke_rules_on_delete": false,
            "tags": null,
            "tags_all": {},
            "timeouts": null,
            "vpc_id": "vpc-065a831348bb98c54"
          },
          "sensitive_attributes": [],
          "private": "eyJlMmJmYjczMC1lY2FhLTExZTYtOGY4OC0zNDM2M2JjN2M0YzAiOnsiY3JlYXRlIjo2MDAwMDAwMDAwMDAsImRlbGV0ZSI6OTAwMDAwMDAwMDAwfSwic2NoZW1hX3ZlcnNpb24iOiIxIn0=",
          "dependencies": [
            "aws_vpc.vpc_master"
          ]
        }
      ]
    },
    {
      "mode": "managed",
      "type": "aws_subnet",
      "name": "subnet_1",
      "provider": "provider[\"registry.terraform.io/hashicorp/aws\"].region-master",
      "instances": [
        {
          "schema_version": 1,
          "attributes": {
            "arn": "arn:aws:ec2:us-east-1:538331572700:subnet/subnet-03b0297de0c4b3065",
            "assign_ipv6_address_on_creation": false,
            "availability_zone": "us-east-1a",
            "availability_zone_id": "use1-az2",
            "cidr_block": "10.0.1.0/24",
            "customer_owned_ipv4_pool": "",
            "enable_dns64": false,
            "enable_lni_at_device_index": 0,
            "enable_resource_name_dns_a_record_on_launch": false,
            "enable_resource_name_dns_aaaa_record_on_launch": false,
            "id": "subnet-03b0297de0c4b3065",
            "ipv6_cidr_block": "",
            "ipv6_cidr_block_association_id": "",
            "ipv6_native": false,
            "map_customer_owned_ip_on_launch": false,
            "map_public_ip_on_launch": true,
            "outpost_arn": "",
            "owner_id": "538331572700",
            "private_dns_hostname_type_on_launch": "ip-name",
            "tags": null,
            "tags_all": {},
            "timeouts": null,
            "vpc_id": "vpc-065a831348bb98c54"
          },
          "sensitive_attributes": [],
          "private": "eyJlMmJmYjczMC1lY2FhLTExZTYtOGY4OC0zNDM2M2JjN2M0YzAiOnsiY3JlYXRlIjo2MDAwMDAwMDAwMDAsImRlbGV0ZSI6MTIwMDAwMDAwMDAwMH0sInNjaGVtYV92ZXJzaW9uIjoiMSJ9",
          "dependencies": [
            "aws_vpc.vpc_master",
            "data.aws_availability_zones.azs"
          ]
        }
      ]
    },
    {
      "mode": "managed",
      "type": "aws_subnet",
      "name": "subnet_1_oregon",
      "provider": "provider[\"registry.terraform.io/hashicorp/aws\"].region-worker",
      "instances": [
        {
          "schema_version": 1,
          "attributes": {
            "arn": "arn:aws:ec2:us-east-2:538331572700:subnet/subnet-0f9a4e7c86342446b",
            "assign_ipv6_address_on_creation": false,
            "availability_zone": "us-east-2c",
            "availability_zone_id": "use2-az3",
            "cidr_block": "192.168.1.0/24",
            "customer_owned_ipv4_pool": "",
            "enable_dns64": false,
            "enable_lni_at_device_index": 0,
            "enable_resource_name_dns_a_record_on_launch": false,
            "enable_resource_name_dns_aaaa_record_on_launch": false,
            "id": "subnet-0f9a4e7c86342446b",
            "ipv6_cidr_block": "",
            "ipv6_cidr_block_association_id": "",
            "ipv6_native": false,
            "map_customer_owned_ip_on_launch": false,
            "map_public_ip_on_launch": true,
            "outpost_arn": "",
            "owner_id": "538331572700",
            "private_dns_hostname_type_on_launch": "ip-name",
            "tags": null,
            "tags_all": {},
            "timeouts": null,
            "vpc_id": "vpc-0bed8dc525d176515"
          },
          "sensitive_attributes": [],
          "private": "eyJlMmJmYjczMC1lY2FhLTExZTYtOGY4OC0zNDM2M2JjN2M0YzAiOnsiY3JlYXRlIjo2MDAwMDAwMDAwMDAsImRlbGV0ZSI6MTIwMDAwMDAwMDAwMH0sInNjaGVtYV92ZXJzaW9uIjoiMSJ9",
          "dependencies": [
            "aws_vpc.vpc_master_oregon"
          ]
        }
      ]
    },
    {
      "mode": "managed",
      "type": "aws_subnet",
      "name": "subnet_2",
      "provider": "provider[\"registry.terraform.io/hashicorp/aws\"].region-master",
      "instances": [
        {
          "schema_version": 1,
          "attributes": {
            "arn": "arn:aws:ec2:us-east-1:538331572700:subnet/subnet-0c9ca306dccad3e2e",
            "assign_ipv6_address_on_creation": false,
            "availability_zone": "us-east-1b",
            "availability_zone_id": "use1-az4",
            "cidr_block": "10.0.2.0/24",
            "customer_owned_ipv4_pool": "",
            "enable_dns64": false,
            "enable_lni_at_device_index": 0,
            "enable_resource_name_dns_a_record_on_launch": false,
            "enable_resource_name_dns_aaaa_record_on_launch": false,
            "id": "subnet-0c9ca306dccad3e2e",
            "ipv6_cidr_block": "",
            "ipv6_cidr_block_association_id": "",
            "ipv6_native": false,
            "map_customer_owned_ip_on_launch": false,
            "map_public_ip_on_launch": true,
            "outpost_arn": "",
            "owner_id": "538331572700",
            "private_dns_hostname_type_on_launch": "ip-name",
            "tags": null,
            "tags_all": {},
            "timeouts": null,
            "vpc_id": "vpc-065a831348bb98c54"
          },
          "sensitive_attributes": [],
          "private": "eyJlMmJmYjczMC1lY2FhLTExZTYtOGY4OC0zNDM2M2JjN2M0YzAiOnsiY3JlYXRlIjo2MDAwMDAwMDAwMDAsImRlbGV0ZSI6MTIwMDAwMDAwMDAwMH0sInNjaGVtYV92ZXJzaW9uIjoiMSJ9",
          "dependencies": [
            "aws_vpc.vpc_master",
            "data.aws_availability_zones.azs"
          ]
        }
      ]
    },
    {
      "mode": "managed",
      "type": "aws_vpc",
      "name": "vpc_master",
      "provider": "provider[\"registry.terraform.io/hashicorp/aws\"].region-master",
      "instances": [
        {
          "schema_version": 1,
          "attributes": {
            "arn": "arn:aws:ec2:us-east-1:538331572700:vpc/vpc-065a831348bb98c54",
            "assign_generated_ipv6_cidr_block": false,
            "cidr_block": "10.0.0.0/16",
            "default_network_acl_id": "acl-0c832406db1739a4b",
            "default_route_table_id": "rtb-0ec768c1300cfcb4e",
            "default_security_group_id": "sg-0b980aec56442b797",
            "dhcp_options_id": "dopt-257f615f",
            "enable_dns_hostnames": true,
            "enable_dns_support": true,
            "enable_network_address_usage_metrics": false,
            "id": "vpc-065a831348bb98c54",
            "instance_tenancy": "default",
            "ipv4_ipam_pool_id": null,
            "ipv4_netmask_length": null,
            "ipv6_association_id": "",
            "ipv6_cidr_block": "",
            "ipv6_cidr_block_network_border_group": "",
            "ipv6_ipam_pool_id": "",
            "ipv6_netmask_length": 0,
            "main_route_table_id": "rtb-0ec768c1300cfcb4e",
            "owner_id": "538331572700",
            "tags": {
              "Name": "master-vpc-jenkins"
            },
            "tags_all": {
              "Name": "master-vpc-jenkins"
            }
          },
          "sensitive_attributes": [],
          "private": "eyJzY2hlbWFfdmVyc2lvbiI6IjEifQ=="
        }
      ]
    },
    {
      "mode": "managed",
      "type": "aws_vpc",
      "name": "vpc_master_oregon",
      "provider": "provider[\"registry.terraform.io/hashicorp/aws\"].region-worker",
      "instances": [
        {
          "schema_version": 1,
          "attributes": {
            "arn": "arn:aws:ec2:us-east-2:538331572700:vpc/vpc-0bed8dc525d176515",
            "assign_generated_ipv6_cidr_block": false,
            "cidr_block": "192.168.0.0/16",
            "default_network_acl_id": "acl-0a48f833256d0d85a",
            "default_route_table_id": "rtb-0476913c222d5fb65",
            "default_security_group_id": "sg-0072723c3b008427f",
            "dhcp_options_id": "dopt-8c6d2de7",
            "enable_dns_hostnames": true,
            "enable_dns_support": true,
            "enable_network_address_usage_metrics": false,
            "id": "vpc-0bed8dc525d176515",
            "instance_tenancy": "default",
            "ipv4_ipam_pool_id": null,
            "ipv4_netmask_length": null,
            "ipv6_association_id": "",
            "ipv6_cidr_block": "",
            "ipv6_cidr_block_network_border_group": "",
            "ipv6_ipam_pool_id": "",
            "ipv6_netmask_length": 0,
            "main_route_table_id": "rtb-0476913c222d5fb65",
            "owner_id": "538331572700",
            "tags": {
              "Name": "worker-vpc-jenkins"
            },
            "tags_all": {
              "Name": "worker-vpc-jenkins"
            }
          },
          "sensitive_attributes": [],
          "private": "eyJzY2hlbWFfdmVyc2lvbiI6IjEifQ=="
        }
      ]
    },
    {
      "mode": "managed",
      "type": "aws_vpc_peering_connection",
      "name": "useast1-uswest2",
      "provider": "provider[\"registry.terraform.io/hashicorp/aws\"].region-master",
      "instances": [
        {
          "schema_version": 0,
          "attributes": {
            "accept_status": "pending-acceptance",
            "accepter": [],
            "auto_accept": null,
            "id": "pcx-0fa02d76049f1fc9a",
            "peer_owner_id": "538331572700",
            "peer_region": "us-east-2",
            "peer_vpc_id": "vpc-0bed8dc525d176515",
            "requester": [
              {
                "allow_remote_vpc_dns_resolution": false
              }
            ],
            "tags": {
              "Name": "vpc_pcon_useast1-uswest2"
            },
            "tags_all": {
              "Name": "vpc_pcon_useast1-uswest2"
            },
            "timeouts": null,
            "vpc_id": "vpc-065a831348bb98c54"
          },
          "sensitive_attributes": [],
          "private": "eyJlMmJmYjczMC1lY2FhLTExZTYtOGY4OC0zNDM2M2JjN2M0YzAiOnsiY3JlYXRlIjo2MDAwMDAwMDAwMCwiZGVsZXRlIjo2MDAwMDAwMDAwMCwidXBkYXRlIjo2MDAwMDAwMDAwMH19",
          "dependencies": [
            "aws_vpc.vpc_master",
            "aws_vpc.vpc_master_oregon"
          ]
        }
      ]
    },
    {
      "mode": "managed",
      "type": "aws_vpc_peering_connection_accepter",
      "name": "accept_peering",
      "provider": "provider[\"registry.terraform.io/hashicorp/aws\"].region-worker",
      "instances": [
        {
          "schema_version": 0,
          "attributes": {
            "accept_status": "active",
            "accepter": [
              {
                "allow_remote_vpc_dns_resolution": false
              }
            ],
            "auto_accept": true,
            "id": "pcx-0fa02d76049f1fc9a",
            "peer_owner_id": "538331572700",
            "peer_region": "us-east-2",
            "peer_vpc_id": "vpc-0bed8dc525d176515",
            "requester": [
              {
                "allow_remote_vpc_dns_resolution": false
              }
            ],
            "tags": null,
            "tags_all": {},
            "timeouts": null,
            "vpc_id": "vpc-065a831348bb98c54",
            "vpc_peering_connection_id": "pcx-0fa02d76049f1fc9a"
          },
          "sensitive_attributes": [],
          "private": "eyJlMmJmYjczMC1lY2FhLTExZTYtOGY4OC0zNDM2M2JjN2M0YzAiOnsiY3JlYXRlIjo2MDAwMDAwMDAwMCwidXBkYXRlIjo2MDAwMDAwMDAwMH19",
          "dependencies": [
            "aws_vpc.vpc_master",
            "aws_vpc.vpc_master_oregon",
            "aws_vpc_peering_connection.useast1-uswest2"
          ]
        }
      ]
    }
  ],
  "check_results": null
}
